
Microsoft Visual Studio Solution File, Format Version 12.00
# Visual Studio Version 17
VisualStudioVersion = 17.5.33414.496
MinimumVisualStudioVersion = 10.0.40219.1
Project("{FAE04EC0-301F-11D3-BF4B-00C04F79EFBC}") = "Daynamic Chart", "Daynamic Chart\Daynamic Chart.csproj", "{9844D07C-18BC-420D-A79C-1099AB2C0CE0}"
EndProject
Global
	GlobalSection(SolutionConfigurationPlatforms) = preSolution
		Debug|Any CPU = Debug|Any CPU
		Release|Any CPU = Release|Any CPU
	EndGlobalSection
	GlobalSection(ProjectConfigurationPlatforms) = postSolution
		{9844D07C-18BC-420D-A79C-1099AB2C0CE0}.Debug|Any CPU.ActiveCfg = Debug|Any CPU
		{9844D07C-18BC-420D-A79C-1099AB2C0CE0}.Debug|Any CPU.Build.0 = Debug|Any CPU
		{9844D07C-18BC-420D-A79C-1099AB2C0CE0}.Release|Any CPU.ActiveCfg = Release|Any CPU
		{9844D07C-18BC-420D-A79C-1099AB2C0CE0}.Release|Any CPU.Build.0 = Release|Any CPU
	EndGlobalSection
	GlobalSection(SolutionProperties) = preSolution
		HideSolutionNode = FALSE
	EndGlobalSection
	GlobalSection(ExtensibilityGlobals) = postSolution
		SolutionGuid = {28A9FD69-25A4-4CF7-8255-402D474CAD10}
	EndGlobalSection
EndGlobal
